
Microsoft Visual Studio Solution File, Format Version 12.00
# Visual Studio 15
VisualStudioVersion = 15.0.28010.2036
MinimumVisualStudioVersion = 10.0.40219.1
Project("{888888A0-9F3D-457C-B088-3A5042F75D52}") = "pac-man", "pac-man.pyproj", "{7D951456-FC71-4D29-B63E-1B27B7D6C9F4}"
EndProject
Global
	GlobalSection(SolutionConfigurationPlatforms) = preSolution
		Debug|Any CPU = Debug|Any CPU
		Release|Any CPU = Release|Any CPU
	EndGlobalSection
	GlobalSection(ProjectConfigurationPlatforms) = postSolution
		{7D951456-FC71-4D29-B63E-1B27B7D6C9F4}.Debug|Any CPU.ActiveCfg = Debug|Any CPU
		{7D951456-FC71-4D29-B63E-1B27B7D6C9F4}.Release|Any CPU.ActiveCfg = Release|Any CPU
	EndGlobalSection
	GlobalSection(SolutionProperties) = preSolution
		HideSolutionNode = FALSE
	EndGlobalSection
	GlobalSection(ExtensibilityGlobals) = postSolution
		SolutionGuid = {3EF2F9AD-511A-4A74-82EA-27F0E5C141BC}
	EndGlobalSection
EndGlobal
